// !$*UTF8*$!
{
	archiveVersion = 1;
	classes = {
	};
	objectVersion = 48;
	objects = {

/* Begin PBXBuildFile section */
		32662AA125E1085B0029C051 /* pem2.h in Headers */ = {isa = PBXBuildFile; fileRef = 32662A3625E1085B0029C051 /* pem2.h */; };
		32662AA225E1085B0029C051 /* kdf.h in Headers */ = {isa = PBXBuildFile; fileRef = 32662A3725E1085B0029C051 /* kdf.h */; };
		32662AA325E1085B0029C051 /* pem.h in Headers */ = {isa = PBXBuildFile; fileRef = 32662A3825E1085B0029C051 /* pem.h */; };
		32662AA425E1085B0029C051 /* asyncerr.h in Headers */ = {isa = PBXBuildFile; fileRef = 32662A3925E1085B0029C051 /* asyncerr.h */; };
		32662AA525E1085B0029C051 /* md2.h in Headers */ = {isa = PBXBuildFile; fileRef = 32662A3A25E1085B0029C051 /* md2.h */; };
		32662AA625E1085B0029C051 /* ssl3.h in Headers */ = {isa = PBXBuildFile; fileRef = 32662A3B25E1085B0029C051 /* ssl3.h */; };
		32662AA725E1085B0029C051 /* ossl_typ.h in Headers */ = {isa = PBXBuildFile; fileRef = 32662A3C25E1085B0029C051 /* ossl_typ.h */; };
		32662AA825E1085B0029C051 /* dtls1.h in Headers */ = {isa = PBXBuildFile; fileRef = 32662A3D25E1085B0029C051 /* dtls1.h */; };
		32662AA925E1085B0029C051 /* err.h in Headers */ = {isa = PBXBuildFile; fileRef = 32662A3E25E1085B0029C051 /* err.h */; };
		32662AAA25E1085B0029C051 /* bn.h in Headers */ = {isa = PBXBuildFile; fileRef = 32662A3F25E1085B0029C051 /* bn.h */; };
		32662AAB25E1085B0029C051 /* blowfish.h in Headers */ = {isa = PBXBuildFile; fileRef = 32662A4025E1085B0029C051 /* blowfish.h */; };
		32662AAC25E1085B0029C051 /* cms.h in Headers */ = {isa = PBXBuildFile; fileRef = 32662A4125E1085B0029C051 /* cms.h */; };
		32662AAD25E1085B0029C051 /* engine.h in Headers */ = {isa = PBXBuildFile; fileRef = 32662A4225E1085B0029C051 /* engine.h */; };
		32662AAE25E1085B0029C051 /* conf_api.h in Headers */ = {isa = PBXBuildFile; fileRef = 32662A4325E1085B0029C051 /* conf_api.h */; };
		32662AAF25E1085B0029C051 /* x509.h in Headers */ = {isa = PBXBuildFile; fileRef = 32662A4425E1085B0029C051 /* x509.h */; };
		32662AB025E1085B0029C051 /* asn1_mac.h in Headers */ = {isa = PBXBuildFile; fileRef = 32662A4525E1085B0029C051 /* asn1_mac.h */; };
		32662AB125E1085B0029C051 /* objectserr.h in Headers */ = {isa = PBXBuildFile; fileRef = 32662A4625E1085B0029C051 /* objectserr.h */; };
		32662AB225E1085B0029C051 /* cmserr.h in Headers */ = {isa = PBXBuildFile; fileRef = 32662A4725E1085B0029C051 /* cmserr.h */; };
		32662AB325E1085B0029C051 /* ui.h in Headers */ = {isa = PBXBuildFile; fileRef = 32662A4825E1085B0029C051 /* ui.h */; };
		32662AB425E1085B0029C051 /* sha.h in Headers */ = {isa = PBXBuildFile; fileRef = 32662A4925E1085B0029C051 /* sha.h */; };
		32662AB525E1085B0029C051 /* symhacks.h in Headers */ = {isa = PBXBuildFile; fileRef = 32662A4A25E1085B0029C051 /* symhacks.h */; };
		32662AB625E1085B0029C051 /* asn1.h in Headers */ = {isa = PBXBuildFile; fileRef = 32662A4B25E1085B0029C051 /* asn1.h */; };
		32662AB725E1085B0029C051 /* bioerr.h in Headers */ = {isa = PBXBuildFile; fileRef = 32662A4C25E1085B0029C051 /* bioerr.h */; };
		32662AB825E1085B0029C051 /* opensslconf.h in Headers */ = {isa = PBXBuildFile; fileRef = 32662A4D25E1085B0029C051 /* opensslconf.h */; };
		32662AB925E1085B0029C051 /* bio.h in Headers */ = {isa = PBXBuildFile; fileRef = 32662A4E25E1085B0029C051 /* bio.h */; };
		32662ABA25E1085B0029C051 /* rc2.h in Headers */ = {isa = PBXBuildFile; fileRef = 32662A4F25E1085B0029C051 /* rc2.h */; };
		32662ABB25E1085B0029C051 /* dh.h in Headers */ = {isa = PBXBuildFile; fileRef = 32662A5025E1085B0029C051 /* dh.h */; };
		32662ABC25E1085B0029C051 /* x509v3.h in Headers */ = {isa = PBXBuildFile; fileRef = 32662A5125E1085B0029C051 /* x509v3.h */; };
		32662ABD25E1085B0029C051 /* conf.h in Headers */ = {isa = PBXBuildFile; fileRef = 32662A5225E1085B0029C051 /* conf.h */; };
		32662ABE25E1085B0029C051 /* rand_drbg.h in Headers */ = {isa = PBXBuildFile; fileRef = 32662A5325E1085B0029C051 /* rand_drbg.h */; };
		32662ABF25E1085B0029C051 /* md5.h in Headers */ = {isa = PBXBuildFile; fileRef = 32662A5425E1085B0029C051 /* md5.h */; };
		32662AC025E1085B0029C051 /* pemerr.h in Headers */ = {isa = PBXBuildFile; fileRef = 32662A5525E1085B0029C051 /* pemerr.h */; };
		32662AC125E1085B0029C051 /* x509_vfy.h in Headers */ = {isa = PBXBuildFile; fileRef = 32662A5625E1085B0029C051 /* x509_vfy.h */; };
		32662AC225E1085B0029C051 /* txt_db.h in Headers */ = {isa = PBXBuildFile; fileRef = 32662A5725E1085B0029C051 /* txt_db.h */; };
		32662AC325E1085B0029C051 /* comperr.h in Headers */ = {isa = PBXBuildFile; fileRef = 32662A5825E1085B0029C051 /* comperr.h */; };
		32662AC425E1085B0029C051 /* cterr.h in Headers */ = {isa = PBXBuildFile; fileRef = 32662A5925E1085B0029C051 /* cterr.h */; };
		32662AC525E1085B0029C051 /* sm2.h in Headers */ = {isa = PBXBuildFile; fileRef = 32662A5A25E1085B0029C051 /* sm2.h */; };
		32662AC625E1085B0029C051 /* safestack.h in Headers */ = {isa = PBXBuildFile; fileRef = 32662A5B25E1085B0029C051 /* safestack.h */; };
		32662AC725E1085B0029C051 /* ecdsa.h in Headers */ = {isa = PBXBuildFile; fileRef = 32662A5C25E1085B0029C051 /* ecdsa.h */; };
		32662AC825E1085B0029C051 /* sslerr.h in Headers */ = {isa = PBXBuildFile; fileRef = 32662A5D25E1085B0029C051 /* sslerr.h */; };
		32662AC925E1085B0029C051 /* rc5.h in Headers */ = {isa = PBXBuildFile; fileRef = 32662A5E25E1085B0029C051 /* rc5.h */; };
		32662ACA25E1085B0029C051 /* uierr.h in Headers */ = {isa = PBXBuildFile; fileRef = 32662A5F25E1085B0029C051 /* uierr.h */; };
		32662ACB25E1085B0029C051 /* x509v3err.h in Headers */ = {isa = PBXBuildFile; fileRef = 32662A6025E1085B0029C051 /* x509v3err.h */; };
		32662ACC25E1085B0029C051 /* objects.h in Headers */ = {isa = PBXBuildFile; fileRef = 32662A6125E1085B0029C051 /* objects.h */; };
		32662ACD25E1085B0029C051 /* pkcs12.h in Headers */ = {isa = PBXBuildFile; fileRef = 32662A6225E1085B0029C051 /* pkcs12.h */; };
		32662ACE25E1085B0029C051 /* crypto.h in Headers */ = {isa = PBXBuildFile; fileRef = 32662A6325E1085B0029C051 /* crypto.h */; };
		32662ACF25E1085B0029C051 /* opensslv.h in Headers */ = {isa = PBXBuildFile; fileRef = 32662A6425E1085B0029C051 /* opensslv.h */; };
		32662AD025E1085B0029C051 /* evperr.h in Headers */ = {isa = PBXBuildFile; fileRef = 32662A6525E1085B0029C051 /* evperr.h */; };
		32662AD125E1085B0029C051 /* pkcs7.h in Headers */ = {isa = PBXBuildFile; fileRef = 32662A6625E1085B0029C051 /* pkcs7.h */; };
		32662AD225E1085B0029C051 /* obj_mac.h in Headers */ = {isa = PBXBuildFile; fileRef = 32662A6725E1085B0029C051 /* obj_mac.h */; };
		32662AD325E1085B0029C051 /* ct.h in Headers */ = {isa = PBXBuildFile; fileRef = 32662A6825E1085B0029C051 /* ct.h */; };
		32662AD425E1085B0029C051 /* async.h in Headers */ = {isa = PBXBuildFile; fileRef = 32662A6925E1085B0029C051 /* async.h */; };
		32662AD525E1085B0029C051 /* buffer.h in Headers */ = {isa = PBXBuildFile; fileRef = 32662A6A25E1085B0029C051 /* buffer.h */; };
		32662AD625E1085B0029C051 /* ssl.h in Headers */ = {isa = PBXBuildFile; fileRef = 32662A6B25E1085B0029C051 /* ssl.h */; };
		32662AD725E1085B0029C051 /* srp.h in Headers */ = {isa = PBXBuildFile; fileRef = 32662A6C25E1085B0029C051 /* srp.h */; };
		32662AD825E1085B0029C051 /* camellia.h in Headers */ = {isa = PBXBuildFile; fileRef = 32662A6D25E1085B0029C051 /* camellia.h */; };
		32662AD925E1085B0029C051 /* dherr.h in Headers */ = {isa = PBXBuildFile; fileRef = 32662A6E25E1085B0029C051 /* dherr.h */; };
		32662ADA25E1085B0029C051 /* evp.h in Headers */ = {isa = PBXBuildFile; fileRef = 32662A6F25E1085B0029C051 /* evp.h */; };
		32662ADB25E1085B0029C051 /* e_os2.h in Headers */ = {isa = PBXBuildFile; fileRef = 32662A7025E1085B0029C051 /* e_os2.h */; };
		32662ADC25E1085B0029C051 /* md4.h in Headers */ = {isa = PBXBuildFile; fileRef = 32662A7125E1085B0029C051 /* md4.h */; };
		32662ADD25E1085B0029C051 /* hmac.h in Headers */ = {isa = PBXBuildFile; fileRef = 32662A7225E1085B0029C051 /* hmac.h */; };
		32662ADE25E1085B0029C051 /* aes.h in Headers */ = {isa = PBXBuildFile; fileRef = 32662A7325E1085B0029C051 /* aes.h */; };
		32662ADF25E1085B0029C051 /* engineerr.h in Headers */ = {isa = PBXBuildFile; fileRef = 32662A7425E1085B0029C051 /* engineerr.h */; };
		32662AE025E1085B0029C051 /* comp.h in Headers */ = {isa = PBXBuildFile; fileRef = 32662A7525E1085B0029C051 /* comp.h */; };
		32662AE125E1085B0029C051 /* pkcs12err.h in Headers */ = {isa = PBXBuildFile; fileRef = 32662A7625E1085B0029C051 /* pkcs12err.h */; };
		32662AE225E1085B0029C051 /* cast.h in Headers */ = {isa = PBXBuildFile; fileRef = 32662A7725E1085B0029C051 /* cast.h */; };
		32662AE325E1085B0029C051 /* sm3.h in Headers */ = {isa = PBXBuildFile; fileRef = 32662A7825E1085B0029C051 /* sm3.h */; };
		32662AE425E1085B0029C051 /* rc4.h in Headers */ = {isa = PBXBuildFile; fileRef = 32662A7925E1085B0029C051 /* rc4.h */; };
		32662AE525E1085B0029C051 /* stack.h in Headers */ = {isa = PBXBuildFile; fileRef = 32662A7A25E1085B0029C051 /* stack.h */; };
		32662AE625E1085B0029C051 /* des.h in Headers */ = {isa = PBXBuildFile; fileRef = 32662A7B25E1085B0029C051 /* des.h */; };
		32662AE725E1085B0029C051 /* ocsp.h in Headers */ = {isa = PBXBuildFile; fileRef = 32662A7C25E1085B0029C051 /* ocsp.h */; };
		32662AE825E1085B0029C051 /* ec.h in Headers */ = {isa = PBXBuildFile; fileRef = 32662A7D25E1085B0029C051 /* ec.h */; };
		32662AE925E1085B0029C051 /* ecdh.h in Headers */ = {isa = PBXBuildFile; fileRef = 32662A7E25E1085B0029C051 /* ecdh.h */; };
		32662AEA25E1085B0029C051 /* rand.h in Headers */ = {isa = PBXBuildFile; fileRef = 32662A7F25E1085B0029C051 /* rand.h */; };
		32662AEB25E1085B0029C051 /* ecerr.h in Headers */ = {isa = PBXBuildFile; fileRef = 32662A8025E1085B0029C051 /* ecerr.h */; };
		32662AEC25E1085B0029C051 /* ts.h in Headers */ = {isa = PBXBuildFile; fileRef = 32662A8125E1085B0029C051 /* ts.h */; };
		32662AED25E1085B0029C051 /* cryptoerr.h in Headers */ = {isa = PBXBuildFile; fileRef = 32662A8225E1085B0029C051 /* cryptoerr.h */; };
		32662AEE25E1085B0029C051 /* storeerr.h in Headers */ = {isa = PBXBuildFile; fileRef = 32662A8325E1085B0029C051 /* storeerr.h */; };
		32662AEF25E1085B0029C051 /* buffererr.h in Headers */ = {isa = PBXBuildFile; fileRef = 32662A8425E1085B0029C051 /* buffererr.h */; };
		32662AF025E1085B0029C051 /* seed.h in Headers */ = {isa = PBXBuildFile; fileRef = 32662A8525E1085B0029C051 /* seed.h */; };
		32662AF125E1085B0029C051 /* modes.h in Headers */ = {isa = PBXBuildFile; fileRef = 32662A8625E1085B0029C051 /* modes.h */; };
		32662AF225E1085B0029C051 /* ssl2.h in Headers */ = {isa = PBXBuildFile; fileRef = 32662A8725E1085B0029C051 /* ssl2.h */; };
		32662AF325E1085B0029C051 /* tserr.h in Headers */ = {isa = PBXBuildFile; fileRef = 32662A8825E1085B0029C051 /* tserr.h */; };
		32662AF425E1085B0029C051 /* rsa.h in Headers */ = {isa = PBXBuildFile; fileRef = 32662A8925E1085B0029C051 /* rsa.h */; };
		32662AF525E1085B0029C051 /* ripemd.h in Headers */ = {isa = PBXBuildFile; fileRef = 32662A8A25E1085B0029C051 /* ripemd.h */; };
		32662AF625E1085B0029C051 /* whrlpool.h in Headers */ = {isa = PBXBuildFile; fileRef = 32662A8B25E1085B0029C051 /* whrlpool.h */; };
		32662AF725E1085B0029C051 /* tls1.h in Headers */ = {isa = PBXBuildFile; fileRef = 32662A8C25E1085B0029C051 /* tls1.h */; };
		32662AF825E1085B0029C051 /* rsaerr.h in Headers */ = {isa = PBXBuildFile; fileRef = 32662A8D25E1085B0029C051 /* rsaerr.h */; };
		32662AF925E1085B0029C051 /* randerr.h in Headers */ = {isa = PBXBuildFile; fileRef = 32662A8E25E1085B0029C051 /* randerr.h */; };
		32662AFA25E1085B0029C051 /* mdc2.h in Headers */ = {isa = PBXBuildFile; fileRef = 32662A8F25E1085B0029C051 /* mdc2.h */; };
		32662AFB25E1085B0029C051 /* ocsperr.h in Headers */ = {isa = PBXBuildFile; fileRef = 32662A9025E1085B0029C051 /* ocsperr.h */; };
		32662AFC25E1085B0029C051 /* x509err.h in Headers */ = {isa = PBXBuildFile; fileRef = 32662A9125E1085B0029C051 /* x509err.h */; };
		32662AFD25E1085B0029C051 /* pkcs7err.h in Headers */ = {isa = PBXBuildFile; fileRef = 32662A9225E1085B0029C051 /* pkcs7err.h */; };
		32662AFE25E1085B0029C051 /* dsa.h in Headers */ = {isa = PBXBuildFile; fileRef = 32662A9325E1085B0029C051 /* dsa.h */; };
		32662AFF25E1085B0029C051 /* kdferr.h in Headers */ = {isa = PBXBuildFile; fileRef = 32662A9425E1085B0029C051 /* kdferr.h */; };
		32662B0025E1085B0029C051 /* srtp.h in Headers */ = {isa = PBXBuildFile; fileRef = 32662A9525E1085B0029C051 /* srtp.h */; };
		32662B0125E1085B0029C051 /* asn1t.h in Headers */ = {isa = PBXBuildFile; fileRef = 32662A9625E1085B0029C051 /* asn1t.h */; };
		32662B0225E1085B0029C051 /* dsaerr.h in Headers */ = {isa = PBXBuildFile; fileRef = 32662A9725E1085B0029C051 /* dsaerr.h */; };
		32662B0325E1085B0029C051 /* bnerr.h in Headers */ = {isa = PBXBuildFile; fileRef = 32662A9825E1085B0029C051 /* bnerr.h */; };
		32662B0425E1085B0029C051 /* conferr.h in Headers */ = {isa = PBXBuildFile; fileRef = 32662A9925E1085B0029C051 /* conferr.h */; };
		32662B0525E1085B0029C051 /* cmac.h in Headers */ = {isa = PBXBuildFile; fileRef = 32662A9A25E1085B0029C051 /* cmac.h */; };
		32662B0625E1085B0029C051 /* ebcdic.h in Headers */ = {isa = PBXBuildFile; fileRef = 32662A9B25E1085B0029C051 /* ebcdic.h */; };
		32662B0725E1085B0029C051 /* sm4.h in Headers */ = {isa = PBXBuildFile; fileRef = 32662A9C25E1085B0029C051 /* sm4.h */; };
		32662B0825E1085B0029C051 /* store.h in Headers */ = {isa = PBXBuildFile; fileRef = 32662A9D25E1085B0029C051 /* store.h */; };
		32662B0925E1085B0029C051 /* idea.h in Headers */ = {isa = PBXBuildFile; fileRef = 32662A9E25E1085B0029C051 /* idea.h */; };
		32662B0A25E1085B0029C051 /* lhash.h in Headers */ = {isa = PBXBuildFile; fileRef = 32662A9F25E1085B0029C051 /* lhash.h */; };
		32662B0B25E1085B0029C051 /* asn1err.h in Headers */ = {isa = PBXBuildFile; fileRef = 32662AA025E1085B0029C051 /* asn1err.h */; };
		C71BFA051D395F47006DBF18 /* openssl.h in Headers */ = {isa = PBXBuildFile; fileRef = C71BFA041D395F47006DBF18 /* openssl.h */; settings = {ATTRIBUTES = (Public, ); }; };
		DB6EADB21F620B0800CC0B1E /* libcrypto.a in Frameworks */ = {isa = PBXBuildFile; fileRef = DB6EADB01F620B0800CC0B1E /* libcrypto.a */; };
		DB6EADB31F620B0800CC0B1E /* libssl.a in Frameworks */ = {isa = PBXBuildFile; fileRef = DB6EADB11F620B0800CC0B1E /* libssl.a */; };
/* End PBXBuildFile section */

/* Begin PBXFileReference section */
		32662A3625E1085B0029C051 /* pem2.h */ = {isa = PBXFileReference; fileEncoding = 4; lastKnownFileType = sourcecode.c.h; path = pem2.h; sourceTree = "<group>"; };
		32662A3725E1085B0029C051 /* kdf.h */ = {isa = PBXFileReference; fileEncoding = 4; lastKnownFileType = sourcecode.c.h; path = kdf.h; sourceTree = "<group>"; };
		32662A3825E1085B0029C051 /* pem.h */ = {isa = PBXFileReference; fileEncoding = 4; lastKnownFileType = sourcecode.c.h; path = pem.h; sourceTree = "<group>"; };
		32662A3925E1085B0029C051 /* asyncerr.h */ = {isa = PBXFileReference; fileEncoding = 4; lastKnownFileType = sourcecode.c.h; path = asyncerr.h; sourceTree = "<group>"; };
		32662A3A25E1085B0029C051 /* md2.h */ = {isa = PBXFileReference; fileEncoding = 4; lastKnownFileType = sourcecode.c.h; path = md2.h; sourceTree = "<group>"; };
		32662A3B25E1085B0029C051 /* ssl3.h */ = {isa = PBXFileReference; fileEncoding = 4; lastKnownFileType = sourcecode.c.h; path = ssl3.h; sourceTree = "<group>"; };
		32662A3C25E1085B0029C051 /* ossl_typ.h */ = {isa = PBXFileReference; fileEncoding = 4; lastKnownFileType = sourcecode.c.h; path = ossl_typ.h; sourceTree = "<group>"; };
		32662A3D25E1085B0029C051 /* dtls1.h */ = {isa = PBXFileReference; fileEncoding = 4; lastKnownFileType = sourcecode.c.h; path = dtls1.h; sourceTree = "<group>"; };
		32662A3E25E1085B0029C051 /* err.h */ = {isa = PBXFileReference; fileEncoding = 4; lastKnownFileType = sourcecode.c.h; path = err.h; sourceTree = "<group>"; };
		32662A3F25E1085B0029C051 /* bn.h */ = {isa = PBXFileReference; fileEncoding = 4; lastKnownFileType = sourcecode.c.h; path = bn.h; sourceTree = "<group>"; };
		32662A4025E1085B0029C051 /* blowfish.h */ = {isa = PBXFileReference; fileEncoding = 4; lastKnownFileType = sourcecode.c.h; path = blowfish.h; sourceTree = "<group>"; };
		32662A4125E1085B0029C051 /* cms.h */ = {isa = PBXFileReference; fileEncoding = 4; lastKnownFileType = sourcecode.c.h; path = cms.h; sourceTree = "<group>"; };
		32662A4225E1085B0029C051 /* engine.h */ = {isa = PBXFileReference; fileEncoding = 4; lastKnownFileType = sourcecode.c.h; path = engine.h; sourceTree = "<group>"; };
		32662A4325E1085B0029C051 /* conf_api.h */ = {isa = PBXFileReference; fileEncoding = 4; lastKnownFileType = sourcecode.c.h; path = conf_api.h; sourceTree = "<group>"; };
		32662A4425E1085B0029C051 /* x509.h */ = {isa = PBXFileReference; fileEncoding = 4; lastKnownFileType = sourcecode.c.h; path = x509.h; sourceTree = "<group>"; };
		32662A4525E1085B0029C051 /* asn1_mac.h */ = {isa = PBXFileReference; fileEncoding = 4; lastKnownFileType = sourcecode.c.h; path = asn1_mac.h; sourceTree = "<group>"; };
		32662A4625E1085B0029C051 /* objectserr.h */ = {isa = PBXFileReference; fileEncoding = 4; lastKnownFileType = sourcecode.c.h; path = objectserr.h; sourceTree = "<group>"; };
		32662A4725E1085B0029C051 /* cmserr.h */ = {isa = PBXFileReference; fileEncoding = 4; lastKnownFileType = sourcecode.c.h; path = cmserr.h; sourceTree = "<group>"; };
		32662A4825E1085B0029C051 /* ui.h */ = {isa = PBXFileReference; fileEncoding = 4; lastKnownFileType = sourcecode.c.h; path = ui.h; sourceTree = "<group>"; };
		32662A4925E1085B0029C051 /* sha.h */ = {isa = PBXFileReference; fileEncoding = 4; lastKnownFileType = sourcecode.c.h; path = sha.h; sourceTree = "<group>"; };
		32662A4A25E1085B0029C051 /* symhacks.h */ = {isa = PBXFileReference; fileEncoding = 4; lastKnownFileType = sourcecode.c.h; path = symhacks.h; sourceTree = "<group>"; };
		32662A4B25E1085B0029C051 /* asn1.h */ = {isa = PBXFileReference; fileEncoding = 4; lastKnownFileType = sourcecode.c.h; path = asn1.h; sourceTree = "<group>"; };
		32662A4C25E1085B0029C051 /* bioerr.h */ = {isa = PBXFileReference; fileEncoding = 4; lastKnownFileType = sourcecode.c.h; path = bioerr.h; sourceTree = "<group>"; };
		32662A4D25E1085B0029C051 /* opensslconf.h */ = {isa = PBXFileReference; fileEncoding = 4; lastKnownFileType = sourcecode.c.h; path = opensslconf.h; sourceTree = "<group>"; };
		32662A4E25E1085B0029C051 /* bio.h */ = {isa = PBXFileReference; fileEncoding = 4; lastKnownFileType = sourcecode.c.h; path = bio.h; sourceTree = "<group>"; };
		32662A4F25E1085B0029C051 /* rc2.h */ = {isa = PBXFileReference; fileEncoding = 4; lastKnownFileType = sourcecode.c.h; path = rc2.h; sourceTree = "<group>"; };
		32662A5025E1085B0029C051 /* dh.h */ = {isa = PBXFileReference; fileEncoding = 4; lastKnownFileType = sourcecode.c.h; path = dh.h; sourceTree = "<group>"; };
		32662A5125E1085B0029C051 /* x509v3.h */ = {isa = PBXFileReference; fileEncoding = 4; lastKnownFileType = sourcecode.c.h; path = x509v3.h; sourceTree = "<group>"; };
		32662A5225E1085B0029C051 /* conf.h */ = {isa = PBXFileReference; fileEncoding = 4; lastKnownFileType = sourcecode.c.h; path = conf.h; sourceTree = "<group>"; };
		32662A5325E1085B0029C051 /* rand_drbg.h */ = {isa = PBXFileReference; fileEncoding = 4; lastKnownFileType = sourcecode.c.h; path = rand_drbg.h; sourceTree = "<group>"; };
		32662A5425E1085B0029C051 /* md5.h */ = {isa = PBXFileReference; fileEncoding = 4; lastKnownFileType = sourcecode.c.h; path = md5.h; sourceTree = "<group>"; };
		32662A5525E1085B0029C051 /* pemerr.h */ = {isa = PBXFileReference; fileEncoding = 4; lastKnownFileType = sourcecode.c.h; path = pemerr.h; sourceTree = "<group>"; };
		32662A5625E1085B0029C051 /* x509_vfy.h */ = {isa = PBXFileReference; fileEncoding = 4; lastKnownFileType = sourcecode.c.h; path = x509_vfy.h; sourceTree = "<group>"; };
		32662A5725E1085B0029C051 /* txt_db.h */ = {isa = PBXFileReference; fileEncoding = 4; lastKnownFileType = sourcecode.c.h; path = txt_db.h; sourceTree = "<group>"; };
		32662A5825E1085B0029C051 /* comperr.h */ = {isa = PBXFileReference; fileEncoding = 4; lastKnownFileType = sourcecode.c.h; path = comperr.h; sourceTree = "<group>"; };
		32662A5925E1085B0029C051 /* cterr.h */ = {isa = PBXFileReference; fileEncoding = 4; lastKnownFileType = sourcecode.c.h; path = cterr.h; sourceTree = "<group>"; };
		32662A5A25E1085B0029C051 /* sm2.h */ = {isa = PBXFileReference; fileEncoding = 4; lastKnownFileType = sourcecode.c.h; path = sm2.h; sourceTree = "<group>"; };
		32662A5B25E1085B0029C051 /* safestack.h */ = {isa = PBXFileReference; fileEncoding = 4; lastKnownFileType = sourcecode.c.h; path = safestack.h; sourceTree = "<group>"; };
		32662A5C25E1085B0029C051 /* ecdsa.h */ = {isa = PBXFileReference; fileEncoding = 4; lastKnownFileType = sourcecode.c.h; path = ecdsa.h; sourceTree = "<group>"; };
		32662A5D25E1085B0029C051 /* sslerr.h */ = {isa = PBXFileReference; fileEncoding = 4; lastKnownFileType = sourcecode.c.h; path = sslerr.h; sourceTree = "<group>"; };
		32662A5E25E1085B0029C051 /* rc5.h */ = {isa = PBXFileReference; fileEncoding = 4; lastKnownFileType = sourcecode.c.h; path = rc5.h; sourceTree = "<group>"; };
		32662A5F25E1085B0029C051 /* uierr.h */ = {isa = PBXFileReference; fileEncoding = 4; lastKnownFileType = sourcecode.c.h; path = uierr.h; sourceTree = "<group>"; };
		32662A6025E1085B0029C051 /* x509v3err.h */ = {isa = PBXFileReference; fileEncoding = 4; lastKnownFileType = sourcecode.c.h; path = x509v3err.h; sourceTree = "<group>"; };
		32662A6125E1085B0029C051 /* objects.h */ = {isa = PBXFileReference; fileEncoding = 4; lastKnownFileType = sourcecode.c.h; path = objects.h; sourceTree = "<group>"; };
		32662A6225E1085B0029C051 /* pkcs12.h */ = {isa = PBXFileReference; fileEncoding = 4; lastKnownFileType = sourcecode.c.h; path = pkcs12.h; sourceTree = "<group>"; };
		32662A6325E1085B0029C051 /* crypto.h */ = {isa = PBXFileReference; fileEncoding = 4; lastKnownFileType = sourcecode.c.h; path = crypto.h; sourceTree = "<group>"; };
		32662A6425E1085B0029C051 /* opensslv.h */ = {isa = PBXFileReference; fileEncoding = 4; lastKnownFileType = sourcecode.c.h; path = opensslv.h; sourceTree = "<group>"; };
		32662A6525E1085B0029C051 /* evperr.h */ = {isa = PBXFileReference; fileEncoding = 4; lastKnownFileType = sourcecode.c.h; path = evperr.h; sourceTree = "<group>"; };
		32662A6625E1085B0029C051 /* pkcs7.h */ = {isa = PBXFileReference; fileEncoding = 4; lastKnownFileType = sourcecode.c.h; path = pkcs7.h; sourceTree = "<group>"; };
		32662A6725E1085B0029C051 /* obj_mac.h */ = {isa = PBXFileReference; fileEncoding = 4; lastKnownFileType = sourcecode.c.h; path = obj_mac.h; sourceTree = "<group>"; };
		32662A6825E1085B0029C051 /* ct.h */ = {isa = PBXFileReference; fileEncoding = 4; lastKnownFileType = sourcecode.c.h; path = ct.h; sourceTree = "<group>"; };
		32662A6925E1085B0029C051 /* async.h */ = {isa = PBXFileReference; fileEncoding = 4; lastKnownFileType = sourcecode.c.h; path = async.h; sourceTree = "<group>"; };
		32662A6A25E1085B0029C051 /* buffer.h */ = {isa = PBXFileReference; fileEncoding = 4; lastKnownFileType = sourcecode.c.h; path = buffer.h; sourceTree = "<group>"; };
		32662A6B25E1085B0029C051 /* ssl.h */ = {isa = PBXFileReference; fileEncoding = 4; lastKnownFileType = sourcecode.c.h; path = ssl.h; sourceTree = "<group>"; };
		32662A6C25E1085B0029C051 /* srp.h */ = {isa = PBXFileReference; fileEncoding = 4; lastKnownFileType = sourcecode.c.h; path = srp.h; sourceTree = "<group>"; };
		32662A6D25E1085B0029C051 /* camellia.h */ = {isa = PBXFileReference; fileEncoding = 4; lastKnownFileType = sourcecode.c.h; path = camellia.h; sourceTree = "<group>"; };
		32662A6E25E1085B0029C051 /* dherr.h */ = {isa = PBXFileReference; fileEncoding = 4; lastKnownFileType = sourcecode.c.h; path = dherr.h; sourceTree = "<group>"; };
		32662A6F25E1085B0029C051 /* evp.h */ = {isa = PBXFileReference; fileEncoding = 4; lastKnownFileType = sourcecode.c.h; path = evp.h; sourceTree = "<group>"; };
		32662A7025E1085B0029C051 /* e_os2.h */ = {isa = PBXFileReference; fileEncoding = 4; lastKnownFileType = sourcecode.c.h; path = e_os2.h; sourceTree = "<group>"; };
		32662A7125E1085B0029C051 /* md4.h */ = {isa = PBXFileReference; fileEncoding = 4; lastKnownFileType = sourcecode.c.h; path = md4.h; sourceTree = "<group>"; };
		32662A7225E1085B0029C051 /* hmac.h */ = {isa = PBXFileReference; fileEncoding = 4; lastKnownFileType = sourcecode.c.h; path = hmac.h; sourceTree = "<group>"; };
		32662A7325E1085B0029C051 /* aes.h */ = {isa = PBXFileReference; fileEncoding = 4; lastKnownFileType = sourcecode.c.h; path = aes.h; sourceTree = "<group>"; };
		32662A7425E1085B0029C051 /* engineerr.h */ = {isa = PBXFileReference; fileEncoding = 4; lastKnownFileType = sourcecode.c.h; path = engineerr.h; sourceTree = "<group>"; };
		32662A7525E1085B0029C051 /* comp.h */ = {isa = PBXFileReference; fileEncoding = 4; lastKnownFileType = sourcecode.c.h; path = comp.h; sourceTree = "<group>"; };
		32662A7625E1085B0029C051 /* pkcs12err.h */ = {isa = PBXFileReference; fileEncoding = 4; lastKnownFileType = sourcecode.c.h; path = pkcs12err.h; sourceTree = "<group>"; };
		32662A7725E1085B0029C051 /* cast.h */ = {isa = PBXFileReference; fileEncoding = 4; lastKnownFileType = sourcecode.c.h; path = cast.h; sourceTree = "<group>"; };
		32662A7825E1085B0029C051 /* sm3.h */ = {isa = PBXFileReference; fileEncoding = 4; lastKnownFileType = sourcecode.c.h; path = sm3.h; sourceTree = "<group>"; };
		32662A7925E1085B0029C051 /* rc4.h */ = {isa = PBXFileReference; fileEncoding = 4; lastKnownFileType = sourcecode.c.h; path = rc4.h; sourceTree = "<group>"; };
		32662A7A25E1085B0029C051 /* stack.h */ = {isa = PBXFileReference; fileEncoding = 4; lastKnownFileType = sourcecode.c.h; path = stack.h; sourceTree = "<group>"; };
		32662A7B25E1085B0029C051 /* des.h */ = {isa = PBXFileReference; fileEncoding = 4; lastKnownFileType = sourcecode.c.h; path = des.h; sourceTree = "<group>"; };
		32662A7C25E1085B0029C051 /* ocsp.h */ = {isa = PBXFileReference; fileEncoding = 4; lastKnownFileType = sourcecode.c.h; path = ocsp.h; sourceTree = "<group>"; };
		32662A7D25E1085B0029C051 /* ec.h */ = {isa = PBXFileReference; fileEncoding = 4; lastKnownFileType = sourcecode.c.h; path = ec.h; sourceTree = "<group>"; };
		32662A7E25E1085B0029C051 /* ecdh.h */ = {isa = PBXFileReference; fileEncoding = 4; lastKnownFileType = sourcecode.c.h; path = ecdh.h; sourceTree = "<group>"; };
		32662A7F25E1085B0029C051 /* rand.h */ = {isa = PBXFileReference; fileEncoding = 4; lastKnownFileType = sourcecode.c.h; path = rand.h; sourceTree = "<group>"; };
		32662A8025E1085B0029C051 /* ecerr.h */ = {isa = PBXFileReference; fileEncoding = 4; lastKnownFileType = sourcecode.c.h; path = ecerr.h; sourceTree = "<group>"; };
		32662A8125E1085B0029C051 /* ts.h */ = {isa = PBXFileReference; fileEncoding = 4; lastKnownFileType = sourcecode.c.h; path = ts.h; sourceTree = "<group>"; };
		32662A8225E1085B0029C051 /* cryptoerr.h */ = {isa = PBXFileReference; fileEncoding = 4; lastKnownFileType = sourcecode.c.h; path = cryptoerr.h; sourceTree = "<group>"; };
		32662A8325E1085B0029C051 /* storeerr.h */ = {isa = PBXFileReference; fileEncoding = 4; lastKnownFileType = sourcecode.c.h; path = storeerr.h; sourceTree = "<group>"; };
		32662A8425E1085B0029C051 /* buffererr.h */ = {isa = PBXFileReference; fileEncoding = 4; lastKnownFileType = sourcecode.c.h; path = buffererr.h; sourceTree = "<group>"; };
		32662A8525E1085B0029C051 /* seed.h */ = {isa = PBXFileReference; fileEncoding = 4; lastKnownFileType = sourcecode.c.h; path = seed.h; sourceTree = "<group>"; };
		32662A8625E1085B0029C051 /* modes.h */ = {isa = PBXFileReference; fileEncoding = 4; lastKnownFileType = sourcecode.c.h; path = modes.h; sourceTree = "<group>"; };
		32662A8725E1085B0029C051 /* ssl2.h */ = {isa = PBXFileReference; fileEncoding = 4; lastKnownFileType = sourcecode.c.h; path = ssl2.h; sourceTree = "<group>"; };
		32662A8825E1085B0029C051 /* tserr.h */ = {isa = PBXFileReference; fileEncoding = 4; lastKnownFileType = sourcecode.c.h; path = tserr.h; sourceTree = "<group>"; };
		32662A8925E1085B0029C051 /* rsa.h */ = {isa = PBXFileReference; fileEncoding = 4; lastKnownFileType = sourcecode.c.h; path = rsa.h; sourceTree = "<group>"; };
		32662A8A25E1085B0029C051 /* ripemd.h */ = {isa = PBXFileReference; fileEncoding = 4; lastKnownFileType = sourcecode.c.h; path = ripemd.h; sourceTree = "<group>"; };
		32662A8B25E1085B0029C051 /* whrlpool.h */ = {isa = PBXFileReference; fileEncoding = 4; lastKnownFileType = sourcecode.c.h; path = whrlpool.h; sourceTree = "<group>"; };
		32662A8C25E1085B0029C051 /* tls1.h */ = {isa = PBXFileReference; fileEncoding = 4; lastKnownFileType = sourcecode.c.h; path = tls1.h; sourceTree = "<group>"; };
		32662A8D25E1085B0029C051 /* rsaerr.h */ = {isa = PBXFileReference; fileEncoding = 4; lastKnownFileType = sourcecode.c.h; path = rsaerr.h; sourceTree = "<group>"; };
		32662A8E25E1085B0029C051 /* randerr.h */ = {isa = PBXFileReference; fileEncoding = 4; lastKnownFileType = sourcecode.c.h; path = randerr.h; sourceTree = "<group>"; };
		32662A8F25E1085B0029C051 /* mdc2.h */ = {isa = PBXFileReference; fileEncoding = 4; lastKnownFileType = sourcecode.c.h; path = mdc2.h; sourceTree = "<group>"; };
		32662A9025E1085B0029C051 /* ocsperr.h */ = {isa = PBXFileReference; fileEncoding = 4; lastKnownFileType = sourcecode.c.h; path = ocsperr.h; sourceTree = "<group>"; };
		32662A9125E1085B0029C051 /* x509err.h */ = {isa = PBXFileReference; fileEncoding = 4; lastKnownFileType = sourcecode.c.h; path = x509err.h; sourceTree = "<group>"; };
		32662A9225E1085B0029C051 /* pkcs7err.h */ = {isa = PBXFileReference; fileEncoding = 4; lastKnownFileType = sourcecode.c.h; path = pkcs7err.h; sourceTree = "<group>"; };
		32662A9325E1085B0029C051 /* dsa.h */ = {isa = PBXFileReference; fileEncoding = 4; lastKnownFileType = sourcecode.c.h; path = dsa.h; sourceTree = "<group>"; };
		32662A9425E1085B0029C051 /* kdferr.h */ = {isa = PBXFileReference; fileEncoding = 4; lastKnownFileType = sourcecode.c.h; path = kdferr.h; sourceTree = "<group>"; };
		32662A9525E1085B0029C051 /* srtp.h */ = {isa = PBXFileReference; fileEncoding = 4; lastKnownFileType = sourcecode.c.h; path = srtp.h; sourceTree = "<group>"; };
		32662A9625E1085B0029C051 /* asn1t.h */ = {isa = PBXFileReference; fileEncoding = 4; lastKnownFileType = sourcecode.c.h; path = asn1t.h; sourceTree = "<group>"; };
		32662A9725E1085B0029C051 /* dsaerr.h */ = {isa = PBXFileReference; fileEncoding = 4; lastKnownFileType = sourcecode.c.h; path = dsaerr.h; sourceTree = "<group>"; };
		32662A9825E1085B0029C051 /* bnerr.h */ = {isa = PBXFileReference; fileEncoding = 4; lastKnownFileType = sourcecode.c.h; path = bnerr.h; sourceTree = "<group>"; };
		32662A9925E1085B0029C051 /* conferr.h */ = {isa = PBXFileReference; fileEncoding = 4; lastKnownFileType = sourcecode.c.h; path = conferr.h; sourceTree = "<group>"; };
		32662A9A25E1085B0029C051 /* cmac.h */ = {isa = PBXFileReference; fileEncoding = 4; lastKnownFileType = sourcecode.c.h; path = cmac.h; sourceTree = "<group>"; };
		32662A9B25E1085B0029C051 /* ebcdic.h */ = {isa = PBXFileReference; fileEncoding = 4; lastKnownFileType = sourcecode.c.h; path = ebcdic.h; sourceTree = "<group>"; };
		32662A9C25E1085B0029C051 /* sm4.h */ = {isa = PBXFileReference; fileEncoding = 4; lastKnownFileType = sourcecode.c.h; path = sm4.h; sourceTree = "<group>"; };
		32662A9D25E1085B0029C051 /* store.h */ = {isa = PBXFileReference; fileEncoding = 4; lastKnownFileType = sourcecode.c.h; path = store.h; sourceTree = "<group>"; };
		32662A9E25E1085B0029C051 /* idea.h */ = {isa = PBXFileReference; fileEncoding = 4; lastKnownFileType = sourcecode.c.h; path = idea.h; sourceTree = "<group>"; };
		32662A9F25E1085B0029C051 /* lhash.h */ = {isa = PBXFileReference; fileEncoding = 4; lastKnownFileType = sourcecode.c.h; path = lhash.h; sourceTree = "<group>"; };
		32662AA025E1085B0029C051 /* asn1err.h */ = {isa = PBXFileReference; fileEncoding = 4; lastKnownFileType = sourcecode.c.h; path = asn1err.h; sourceTree = "<group>"; };
		32662B1525E10AC70029C051 /* openssl2.h */ = {isa = PBXFileReference; lastKnownFileType = sourcecode.c.h; path = openssl2.h; sourceTree = "<group>"; };
		32662B1625E10AC70029C051 /* Info.plist */ = {isa = PBXFileReference; lastKnownFileType = text.plist.xml; path = Info.plist; sourceTree = "<group>"; };
		C71BFA011D395F47006DBF18 /* openssl.framework */ = {isa = PBXFileReference; explicitFileType = wrapper.framework; includeInIndex = 0; path = openssl.framework; sourceTree = BUILT_PRODUCTS_DIR; };
		C71BFA041D395F47006DBF18 /* openssl.h */ = {isa = PBXFileReference; lastKnownFileType = sourcecode.c.h; path = openssl.h; sourceTree = "<group>"; };
		C71BFA061D395F47006DBF18 /* Info.plist */ = {isa = PBXFileReference; lastKnownFileType = text.plist.xml; path = Info.plist; sourceTree = "<group>"; };
		C71BFABE1D3961CD006DBF18 /* build-framework-ios.sh */ = {isa = PBXFileReference; lastKnownFileType = text.script.sh; path = "build-framework-ios.sh"; sourceTree = "<group>"; };
		DB6EADB01F620B0800CC0B1E /* libcrypto.a */ = {isa = PBXFileReference; lastKnownFileType = archive.ar; path = libcrypto.a; sourceTree = "<group>"; };
		DB6EADB11F620B0800CC0B1E /* libssl.a */ = {isa = PBXFileReference; lastKnownFileType = archive.ar; path = libssl.a; sourceTree = "<group>"; };
		DB6EADB51F62119800CC0B1E /* openssl_umbrella_template.h */ = {isa = PBXFileReference; fileEncoding = 4; lastKnownFileType = sourcecode.c.h; path = openssl_umbrella_template.h; sourceTree = "<group>"; };
/* End PBXFileReference section */

/* Begin PBXFrameworksBuildPhase section */
		C71BF9FD1D395F47006DBF18 /* Frameworks */ = {
			isa = PBXFrameworksBuildPhase;
			buildActionMask = 2147483647;
			files = (
				DB6EADB21F620B0800CC0B1E /* libcrypto.a in Frameworks */,
				DB6EADB31F620B0800CC0B1E /* libssl.a in Frameworks */,
			);
			runOnlyForDeploymentPostprocessing = 0;
		};
/* End PBXFrameworksBuildPhase section */

/* Begin PBXGroup section */
		32662A3525E1085B0029C051 /* openssl */ = {
			isa = PBXGroup;
			children = (
				32662A3625E1085B0029C051 /* pem2.h */,
				32662A3725E1085B0029C051 /* kdf.h */,
				32662A3825E1085B0029C051 /* pem.h */,
				32662A3925E1085B0029C051 /* asyncerr.h */,
				32662A3A25E1085B0029C051 /* md2.h */,
				32662A3B25E1085B0029C051 /* ssl3.h */,
				32662A3C25E1085B0029C051 /* ossl_typ.h */,
				32662A3D25E1085B0029C051 /* dtls1.h */,
				32662A3E25E1085B0029C051 /* err.h */,
				32662A3F25E1085B0029C051 /* bn.h */,
				32662A4025E1085B0029C051 /* blowfish.h */,
				32662A4125E1085B0029C051 /* cms.h */,
				32662A4225E1085B0029C051 /* engine.h */,
				32662A4325E1085B0029C051 /* conf_api.h */,
				32662A4425E1085B0029C051 /* x509.h */,
				32662A4525E1085B0029C051 /* asn1_mac.h */,
				32662A4625E1085B0029C051 /* objectserr.h */,
				32662A4725E1085B0029C051 /* cmserr.h */,
				32662A4825E1085B0029C051 /* ui.h */,
				32662A4925E1085B0029C051 /* sha.h */,
				32662A4A25E1085B0029C051 /* symhacks.h */,
				32662A4B25E1085B0029C051 /* asn1.h */,
				32662A4C25E1085B0029C051 /* bioerr.h */,
				32662A4D25E1085B0029C051 /* opensslconf.h */,
				32662A4E25E1085B0029C051 /* bio.h */,
				32662A4F25E1085B0029C051 /* rc2.h */,
				32662A5025E1085B0029C051 /* dh.h */,
				32662A5125E1085B0029C051 /* x509v3.h */,
				32662A5225E1085B0029C051 /* conf.h */,
				32662A5325E1085B0029C051 /* rand_drbg.h */,
				32662A5425E1085B0029C051 /* md5.h */,
				32662A5525E1085B0029C051 /* pemerr.h */,
				32662A5625E1085B0029C051 /* x509_vfy.h */,
				32662A5725E1085B0029C051 /* txt_db.h */,
				32662A5825E1085B0029C051 /* comperr.h */,
				32662A5925E1085B0029C051 /* cterr.h */,
				32662A5A25E1085B0029C051 /* sm2.h */,
				32662A5B25E1085B0029C051 /* safestack.h */,
				32662A5C25E1085B0029C051 /* ecdsa.h */,
				32662A5D25E1085B0029C051 /* sslerr.h */,
				32662A5E25E1085B0029C051 /* rc5.h */,
				32662A5F25E1085B0029C051 /* uierr.h */,
				32662A6025E1085B0029C051 /* x509v3err.h */,
				32662A6125E1085B0029C051 /* objects.h */,
				32662A6225E1085B0029C051 /* pkcs12.h */,
				32662A6325E1085B0029C051 /* crypto.h */,
				32662A6425E1085B0029C051 /* opensslv.h */,
				32662A6525E1085B0029C051 /* evperr.h */,
				32662A6625E1085B0029C051 /* pkcs7.h */,
				32662A6725E1085B0029C051 /* obj_mac.h */,
				32662A6825E1085B0029C051 /* ct.h */,
				32662A6925E1085B0029C051 /* async.h */,
				32662A6A25E1085B0029C051 /* buffer.h */,
				32662A6B25E1085B0029C051 /* ssl.h */,
				32662A6C25E1085B0029C051 /* srp.h */,
				32662A6D25E1085B0029C051 /* camellia.h */,
				32662A6E25E1085B0029C051 /* dherr.h */,
				32662A6F25E1085B0029C051 /* evp.h */,
				32662A7025E1085B0029C051 /* e_os2.h */,
				32662A7125E1085B0029C051 /* md4.h */,
				32662A7225E1085B0029C051 /* hmac.h */,
				32662A7325E1085B0029C051 /* aes.h */,
				32662A7425E1085B0029C051 /* engineerr.h */,
				32662A7525E1085B0029C051 /* comp.h */,
				32662A7625E1085B0029C051 /* pkcs12err.h */,
				32662A7725E1085B0029C051 /* cast.h */,
				32662A7825E1085B0029C051 /* sm3.h */,
				32662A7925E1085B0029C051 /* rc4.h */,
				32662A7A25E1085B0029C051 /* stack.h */,
				32662A7B25E1085B0029C051 /* des.h */,
				32662A7C25E1085B0029C051 /* ocsp.h */,
				32662A7D25E1085B0029C051 /* ec.h */,
				32662A7E25E1085B0029C051 /* ecdh.h */,
				32662A7F25E1085B0029C051 /* rand.h */,
				32662A8025E1085B0029C051 /* ecerr.h */,
				32662A8125E1085B0029C051 /* ts.h */,
				32662A8225E1085B0029C051 /* cryptoerr.h */,
				32662A8325E1085B0029C051 /* storeerr.h */,
				32662A8425E1085B0029C051 /* buffererr.h */,
				32662A8525E1085B0029C051 /* seed.h */,
				32662A8625E1085B0029C051 /* modes.h */,
				32662A8725E1085B0029C051 /* ssl2.h */,
				32662A8825E1085B0029C051 /* tserr.h */,
				32662A8925E1085B0029C051 /* rsa.h */,
				32662A8A25E1085B0029C051 /* ripemd.h */,
				32662A8B25E1085B0029C051 /* whrlpool.h */,
				32662A8C25E1085B0029C051 /* tls1.h */,
				32662A8D25E1085B0029C051 /* rsaerr.h */,
				32662A8E25E1085B0029C051 /* randerr.h */,
				32662A8F25E1085B0029C051 /* mdc2.h */,
				32662A9025E1085B0029C051 /* ocsperr.h */,
				32662A9125E1085B0029C051 /* x509err.h */,
				32662A9225E1085B0029C051 /* pkcs7err.h */,
				32662A9325E1085B0029C051 /* dsa.h */,
				32662A9425E1085B0029C051 /* kdferr.h */,
				32662A9525E1085B0029C051 /* srtp.h */,
				32662A9625E1085B0029C051 /* asn1t.h */,
				32662A9725E1085B0029C051 /* dsaerr.h */,
				32662A9825E1085B0029C051 /* bnerr.h */,
				32662A9925E1085B0029C051 /* conferr.h */,
				32662A9A25E1085B0029C051 /* cmac.h */,
				32662A9B25E1085B0029C051 /* ebcdic.h */,
				32662A9C25E1085B0029C051 /* sm4.h */,
				32662A9D25E1085B0029C051 /* store.h */,
				32662A9E25E1085B0029C051 /* idea.h */,
				32662A9F25E1085B0029C051 /* lhash.h */,
				32662AA025E1085B0029C051 /* asn1err.h */,
			);
			path = openssl;
			sourceTree = "<group>";
		};
		32662B1425E10AC70029C051 /* openssl2 */ = {
			isa = PBXGroup;
			children = (
				32662B1525E10AC70029C051 /* openssl2.h */,
				32662B1625E10AC70029C051 /* Info.plist */,
			);
			path = openssl2;
			sourceTree = "<group>";
		};
		C71BF9F71D395F47006DBF18 = {
			isa = PBXGroup;
			children = (
				C71BFA031D395F47006DBF18 /* OpenSSL-iOS */,
				32662B1425E10AC70029C051 /* openssl2 */,
				C71BFA021D395F47006DBF18 /* Products */,
			);
			sourceTree = "<group>";
		};
		C71BFA021D395F47006DBF18 /* Products */ = {
			isa = PBXGroup;
			children = (
				C71BFA011D395F47006DBF18 /* openssl.framework */,
			);
			name = Products;
			sourceTree = "<group>";
		};
		C71BFA031D395F47006DBF18 /* OpenSSL-iOS */ = {
			isa = PBXGroup;
			children = (
				DB6EADAF1F620B0800CC0B1E /* lib-ios */,
				DB6EAD151F620AEF00CC0B1E /* include-ios */,
				C71BFA041D395F47006DBF18 /* openssl.h */,
				DB6EADB51F62119800CC0B1E /* openssl_umbrella_template.h */,
				C71BFA061D395F47006DBF18 /* Info.plist */,
				C71BFABE1D3961CD006DBF18 /* build-framework-ios.sh */,
			);
			path = "OpenSSL-iOS";
			sourceTree = "<group>";
		};
		DB6EAD151F620AEF00CC0B1E /* include-ios */ = {
			isa = PBXGroup;
			children = (
				32662A3525E1085B0029C051 /* openssl */,
			);
			name = "include-ios";
			path = "../../include-ios";
			sourceTree = "<group>";
		};
		DB6EADAF1F620B0800CC0B1E /* lib-ios */ = {
			isa = PBXGroup;
			children = (
				DB6EADB01F620B0800CC0B1E /* libcrypto.a */,
				DB6EADB11F620B0800CC0B1E /* libssl.a */,
			);
			name = "lib-ios";
			path = "../../lib-ios";
			sourceTree = "<group>";
		};
/* End PBXGroup section */

/* Begin PBXHeadersBuildPhase section */
		C71BF9FE1D395F47006DBF18 /* Headers */ = {
			isa = PBXHeadersBuildPhase;
			buildActionMask = 2147483647;
			files = (
				32662B0825E1085B0029C051 /* store.h in Headers */,
				32662AE025E1085B0029C051 /* comp.h in Headers */,
				32662AF925E1085B0029C051 /* randerr.h in Headers */,
				32662B0025E1085B0029C051 /* srtp.h in Headers */,
				32662AEE25E1085B0029C051 /* storeerr.h in Headers */,
				32662ACA25E1085B0029C051 /* uierr.h in Headers */,
				32662AE325E1085B0029C051 /* sm3.h in Headers */,
				32662AB425E1085B0029C051 /* sha.h in Headers */,
				32662AF525E1085B0029C051 /* ripemd.h in Headers */,
				32662AD525E1085B0029C051 /* buffer.h in Headers */,
				32662AE525E1085B0029C051 /* stack.h in Headers */,
				32662ABF25E1085B0029C051 /* md5.h in Headers */,
				32662AD125E1085B0029C051 /* pkcs7.h in Headers */,
				32662ADA25E1085B0029C051 /* evp.h in Headers */,
				32662ADE25E1085B0029C051 /* aes.h in Headers */,
				32662AB625E1085B0029C051 /* asn1.h in Headers */,
				32662AC925E1085B0029C051 /* rc5.h in Headers */,
				32662AAA25E1085B0029C051 /* bn.h in Headers */,
				32662ADB25E1085B0029C051 /* e_os2.h in Headers */,
				32662B0325E1085B0029C051 /* bnerr.h in Headers */,
				32662AFE25E1085B0029C051 /* dsa.h in Headers */,
				32662AB225E1085B0029C051 /* cmserr.h in Headers */,
				32662AE225E1085B0029C051 /* cast.h in Headers */,
				32662AB125E1085B0029C051 /* objectserr.h in Headers */,
				32662AA925E1085B0029C051 /* err.h in Headers */,
				32662ACB25E1085B0029C051 /* x509v3err.h in Headers */,
				32662AB325E1085B0029C051 /* ui.h in Headers */,
				32662AF825E1085B0029C051 /* rsaerr.h in Headers */,
				32662AAF25E1085B0029C051 /* x509.h in Headers */,
				32662AD225E1085B0029C051 /* obj_mac.h in Headers */,
				32662AF725E1085B0029C051 /* tls1.h in Headers */,
				32662AEC25E1085B0029C051 /* ts.h in Headers */,
				32662AF425E1085B0029C051 /* rsa.h in Headers */,
				32662AFD25E1085B0029C051 /* pkcs7err.h in Headers */,
				32662AFB25E1085B0029C051 /* ocsperr.h in Headers */,
				32662AA825E1085B0029C051 /* dtls1.h in Headers */,
				32662ABA25E1085B0029C051 /* rc2.h in Headers */,
				32662ACE25E1085B0029C051 /* crypto.h in Headers */,
				32662ABD25E1085B0029C051 /* conf.h in Headers */,
				32662B0525E1085B0029C051 /* cmac.h in Headers */,
				32662AB725E1085B0029C051 /* bioerr.h in Headers */,
				32662AC625E1085B0029C051 /* safestack.h in Headers */,
				32662AE425E1085B0029C051 /* rc4.h in Headers */,
				32662AA525E1085B0029C051 /* md2.h in Headers */,
				32662AE925E1085B0029C051 /* ecdh.h in Headers */,
				32662AF125E1085B0029C051 /* modes.h in Headers */,
				32662ADC25E1085B0029C051 /* md4.h in Headers */,
				32662AB925E1085B0029C051 /* bio.h in Headers */,
				32662AB025E1085B0029C051 /* asn1_mac.h in Headers */,
				32662B0425E1085B0029C051 /* conferr.h in Headers */,
				32662ABE25E1085B0029C051 /* rand_drbg.h in Headers */,
				32662AD425E1085B0029C051 /* async.h in Headers */,
				32662AB825E1085B0029C051 /* opensslconf.h in Headers */,
				32662AD325E1085B0029C051 /* ct.h in Headers */,
				32662ADF25E1085B0029C051 /* engineerr.h in Headers */,
				32662AE125E1085B0029C051 /* pkcs12err.h in Headers */,
				32662B0725E1085B0029C051 /* sm4.h in Headers */,
				32662AC025E1085B0029C051 /* pemerr.h in Headers */,
				32662AC525E1085B0029C051 /* sm2.h in Headers */,
				32662B0225E1085B0029C051 /* dsaerr.h in Headers */,
				32662AC425E1085B0029C051 /* cterr.h in Headers */,
				32662AE825E1085B0029C051 /* ec.h in Headers */,
				32662ACF25E1085B0029C051 /* opensslv.h in Headers */,
				32662AA225E1085B0029C051 /* kdf.h in Headers */,
				32662AA325E1085B0029C051 /* pem.h in Headers */,
				32662ABC25E1085B0029C051 /* x509v3.h in Headers */,
				32662AF625E1085B0029C051 /* whrlpool.h in Headers */,
				32662AFF25E1085B0029C051 /* kdferr.h in Headers */,
				32662AE625E1085B0029C051 /* des.h in Headers */,
				32662B0625E1085B0029C051 /* ebcdic.h in Headers */,
				32662AC125E1085B0029C051 /* x509_vfy.h in Headers */,
				32662AAD25E1085B0029C051 /* engine.h in Headers */,
				32662AB525E1085B0029C051 /* symhacks.h in Headers */,
				32662AA625E1085B0029C051 /* ssl3.h in Headers */,
				32662AC725E1085B0029C051 /* ecdsa.h in Headers */,
				32662AF025E1085B0029C051 /* seed.h in Headers */,
				32662AD925E1085B0029C051 /* dherr.h in Headers */,
				32662AD725E1085B0029C051 /* srp.h in Headers */,
				32662ADD25E1085B0029C051 /* hmac.h in Headers */,
				32662AA125E1085B0029C051 /* pem2.h in Headers */,
				32662ACC25E1085B0029C051 /* objects.h in Headers */,
				32662AC325E1085B0029C051 /* comperr.h in Headers */,
				32662AAE25E1085B0029C051 /* conf_api.h in Headers */,
				32662AF225E1085B0029C051 /* ssl2.h in Headers */,
				32662AD625E1085B0029C051 /* ssl.h in Headers */,
				32662AEB25E1085B0029C051 /* ecerr.h in Headers */,
				32662ABB25E1085B0029C051 /* dh.h in Headers */,
				32662AF325E1085B0029C051 /* tserr.h in Headers */,
				32662AED25E1085B0029C051 /* cryptoerr.h in Headers */,
				32662B0125E1085B0029C051 /* asn1t.h in Headers */,
				32662AC225E1085B0029C051 /* txt_db.h in Headers */,
				32662AFA25E1085B0029C051 /* mdc2.h in Headers */,
				32662AEF25E1085B0029C051 /* buffererr.h in Headers */,
				32662B0925E1085B0029C051 /* idea.h in Headers */,
				32662B0A25E1085B0029C051 /* lhash.h in Headers */,
				32662AA725E1085B0029C051 /* ossl_typ.h in Headers */,
				32662AEA25E1085B0029C051 /* rand.h in Headers */,
				32662AAC25E1085B0029C051 /* cms.h in Headers */,
				32662AD825E1085B0029C051 /* camellia.h in Headers */,
				32662AE725E1085B0029C051 /* ocsp.h in Headers */,
				C71BFA051D395F47006DBF18 /* openssl.h in Headers */,
				32662ACD25E1085B0029C051 /* pkcs12.h in Headers */,
				32662AC825E1085B0029C051 /* sslerr.h in Headers */,
				32662B0B25E1085B0029C051 /* asn1err.h in Headers */,
				32662AAB25E1085B0029C051 /* blowfish.h in Headers */,
				32662AA425E1085B0029C051 /* asyncerr.h in Headers */,
				32662AFC25E1085B0029C051 /* x509err.h in Headers */,
				32662AD025E1085B0029C051 /* evperr.h in Headers */,
			);
			runOnlyForDeploymentPostprocessing = 0;
		};
/* End PBXHeadersBuildPhase section */

/* Begin PBXNativeTarget section */
		C71BFA001D395F47006DBF18 /* openssl */ = {
			isa = PBXNativeTarget;
			buildConfigurationList = C71BFA091D395F47006DBF18 /* Build configuration list for PBXNativeTarget "openssl" */;
			buildPhases = (
				C71BF9FC1D395F47006DBF18 /* Sources */,
				C71BF9FD1D395F47006DBF18 /* Frameworks */,
				C71BF9FE1D395F47006DBF18 /* Headers */,
				C71BF9FF1D395F47006DBF18 /* Resources */,
				C71BFABF1D3962AF006DBF18 /* Create universal framework */,
			);
			buildRules = (
			);
			dependencies = (
			);
			name = openssl;
			productName = "OpenSSL-iOS";
			productReference = C71BFA011D395F47006DBF18 /* openssl.framework */;
			productType = "com.apple.product-type.framework";
		};
/* End PBXNativeTarget section */

/* Begin PBXProject section */
		C71BF9F81D395F47006DBF18 /* Project object */ = {
			isa = PBXProject;
			attributes = {
				LastUpgradeCheck = 0940;
				ORGANIZATIONNAME = levigroker;
				TargetAttributes = {
					C71BFA001D395F47006DBF18 = {
						CreatedOnToolsVersion = 7.3.1;
					};
				};
			};
			buildConfigurationList = C71BF9FB1D395F47006DBF18 /* Build configuration list for PBXProject "OpenSSL-iOS" */;
			compatibilityVersion = "Xcode 8.0";
			developmentRegion = English;
			hasScannedForEncodings = 0;
			knownRegions = (
				English,
				en,
			);
			mainGroup = C71BF9F71D395F47006DBF18;
			productRefGroup = C71BFA021D395F47006DBF18 /* Products */;
			projectDirPath = "";
			projectRoot = "";
			targets = (
				C71BFA001D395F47006DBF18 /* openssl */,
			);
		};
/* End PBXProject section */

/* Begin PBXResourcesBuildPhase section */
		C71BF9FF1D395F47006DBF18 /* Resources */ = {
			isa = PBXResourcesBuildPhase;
			buildActionMask = 2147483647;
			files = (
			);
			runOnlyForDeploymentPostprocessing = 0;
		};
/* End PBXResourcesBuildPhase section */

/* Begin PBXShellScriptBuildPhase section */
		C71BFABF1D3962AF006DBF18 /* Create universal framework */ = {
			isa = PBXShellScriptBuildPhase;
			buildActionMask = 2147483647;
			files = (
			);
			inputPaths = (
			);
			name = "Create universal framework";
			outputPaths = (
			);
			runOnlyForDeploymentPostprocessing = 0;
			shellPath = /bin/bash;
			shellScript = "source \"${SRCROOT}/OpenSSL-iOS/build-framework-ios.sh\"";
		};
/* End PBXShellScriptBuildPhase section */

/* Begin PBXSourcesBuildPhase section */
		C71BF9FC1D395F47006DBF18 /* Sources */ = {
			isa = PBXSourcesBuildPhase;
			buildActionMask = 2147483647;
			files = (
			);
			runOnlyForDeploymentPostprocessing = 0;
		};
/* End PBXSourcesBuildPhase section */

/* Begin XCBuildConfiguration section */
		C71BFA071D395F47006DBF18 /* Debug */ = {
			isa = XCBuildConfiguration;
			buildSettings = {
				ALWAYS_SEARCH_USER_PATHS = NO;
				CLANG_ANALYZER_NONNULL = YES;
				CLANG_CXX_LANGUAGE_STANDARD = "gnu++0x";
				CLANG_CXX_LIBRARY = "libc++";
				CLANG_ENABLE_MODULES = YES;
				CLANG_ENABLE_OBJC_ARC = YES;
				CLANG_WARN_BLOCK_CAPTURE_AUTORELEASING = YES;
				CLANG_WARN_BOOL_CONVERSION = YES;
				CLANG_WARN_COMMA = YES;
				CLANG_WARN_CONSTANT_CONVERSION = YES;
				CLANG_WARN_DEPRECATED_OBJC_IMPLEMENTATIONS = YES;
				CLANG_WARN_DIRECT_OBJC_ISA_USAGE = YES_ERROR;
				CLANG_WARN_EMPTY_BODY = YES;
				CLANG_WARN_ENUM_CONVERSION = YES;
				CLANG_WARN_INFINITE_RECURSION = YES;
				CLANG_WARN_INT_CONVERSION = YES;
				CLANG_WARN_NON_LITERAL_NULL_CONVERSION = YES;
				CLANG_WARN_OBJC_IMPLICIT_RETAIN_SELF = YES;
				CLANG_WARN_OBJC_LITERAL_CONVERSION = YES;
				CLANG_WARN_OBJC_ROOT_CLASS = YES_ERROR;
				CLANG_WARN_RANGE_LOOP_ANALYSIS = YES;
				CLANG_WARN_STRICT_PROTOTYPES = YES;
				CLANG_WARN_SUSPICIOUS_MOVE = YES;
				CLANG_WARN_UNREACHABLE_CODE = YES;
				CLANG_WARN__DUPLICATE_METHOD_MATCH = YES;
				"CODE_SIGN_IDENTITY[sdk=iphoneos*]" = "iPhone Developer";
				COPY_PHASE_STRIP = NO;
				CURRENT_PROJECT_VERSION = 1;
				DEBUG_INFORMATION_FORMAT = dwarf;
				ENABLE_STRICT_OBJC_MSGSEND = YES;
				ENABLE_TESTABILITY = YES;
				GCC_C_LANGUAGE_STANDARD = gnu99;
				GCC_DYNAMIC_NO_PIC = NO;
				GCC_NO_COMMON_BLOCKS = YES;
				GCC_OPTIMIZATION_LEVEL = 0;
				GCC_PREPROCESSOR_DEFINITIONS = (
					"DEBUG=1",
					"$(inherited)",
				);
				GCC_WARN_64_TO_32_BIT_CONVERSION = YES;
				GCC_WARN_ABOUT_RETURN_TYPE = YES_ERROR;
				GCC_WARN_UNDECLARED_SELECTOR = YES;
				GCC_WARN_UNINITIALIZED_AUTOS = YES_AGGRESSIVE;
				GCC_WARN_UNUSED_FUNCTION = YES;
				GCC_WARN_UNUSED_VARIABLE = YES;
				IPHONEOS_DEPLOYMENT_TARGET = 8.0;
				MTL_ENABLE_DEBUG_INFO = YES;
				SDKROOT = iphoneos;
				TARGETED_DEVICE_FAMILY = "1,2";
				VERSIONING_SYSTEM = "apple-generic";
				VERSION_INFO_PREFIX = "";
			};
			name = Debug;
		};
		C71BFA081D395F47006DBF18 /* Release */ = {
			isa = XCBuildConfiguration;
			buildSettings = {
				ALWAYS_SEARCH_USER_PATHS = NO;
				CLANG_ANALYZER_NONNULL = YES;
				CLANG_CXX_LANGUAGE_STANDARD = "gnu++0x";
				CLANG_CXX_LIBRARY = "libc++";
				CLANG_ENABLE_MODULES = YES;
				CLANG_ENABLE_OBJC_ARC = YES;
				CLANG_WARN_BLOCK_CAPTURE_AUTORELEASING = YES;
				CLANG_WARN_BOOL_CONVERSION = YES;
				CLANG_WARN_COMMA = YES;
				CLANG_WARN_CONSTANT_CONVERSION = YES;
				CLANG_WARN_DEPRECATED_OBJC_IMPLEMENTATIONS = YES;
				CLANG_WARN_DIRECT_OBJC_ISA_USAGE = YES_ERROR;
				CLANG_WARN_EMPTY_BODY = YES;
				CLANG_WARN_ENUM_CONVERSION = YES;
				CLANG_WARN_INFINITE_RECURSION = YES;
				CLANG_WARN_INT_CONVERSION = YES;
				CLANG_WARN_NON_LITERAL_NULL_CONVERSION = YES;
				CLANG_WARN_OBJC_IMPLICIT_RETAIN_SELF = YES;
				CLANG_WARN_OBJC_LITERAL_CONVERSION = YES;
				CLANG_WARN_OBJC_ROOT_CLASS = YES_ERROR;
				CLANG_WARN_RANGE_LOOP_ANALYSIS = YES;
				CLANG_WARN_STRICT_PROTOTYPES = YES;
				CLANG_WARN_SUSPICIOUS_MOVE = YES;
				CLANG_WARN_UNREACHABLE_CODE = YES;
				CLANG_WARN__DUPLICATE_METHOD_MATCH = YES;
				"CODE_SIGN_IDENTITY[sdk=iphoneos*]" = "iPhone Developer";
				COPY_PHASE_STRIP = NO;
				CURRENT_PROJECT_VERSION = 1;
				DEBUG_INFORMATION_FORMAT = "dwarf-with-dsym";
				ENABLE_NS_ASSERTIONS = NO;
				ENABLE_STRICT_OBJC_MSGSEND = YES;
				GCC_C_LANGUAGE_STANDARD = gnu99;
				GCC_NO_COMMON_BLOCKS = YES;
				GCC_WARN_64_TO_32_BIT_CONVERSION = YES;
				GCC_WARN_ABOUT_RETURN_TYPE = YES_ERROR;
				GCC_WARN_UNDECLARED_SELECTOR = YES;
				GCC_WARN_UNINITIALIZED_AUTOS = YES_AGGRESSIVE;
				GCC_WARN_UNUSED_FUNCTION = YES;
				GCC_WARN_UNUSED_VARIABLE = YES;
				IPHONEOS_DEPLOYMENT_TARGET = 8.0;
				MTL_ENABLE_DEBUG_INFO = NO;
				SDKROOT = iphoneos;
				TARGETED_DEVICE_FAMILY = "1,2";
				VALIDATE_PRODUCT = YES;
				VERSIONING_SYSTEM = "apple-generic";
				VERSION_INFO_PREFIX = "";
			};
			name = Release;
		};
		C71BFA0A1D395F47006DBF18 /* Debug */ = {
			isa = XCBuildConfiguration;
			buildSettings = {
				APPLICATION_EXTENSION_API_ONLY = YES;
				ARCHS = "$(ARCHS_STANDARD)";
				BITCODE_GENERATION_MODE = bitcode;
				BUILD_LIBRARY_FOR_DISTRIBUTION = YES;
				"CODE_SIGN_IDENTITY[sdk=iphoneos*]" = "";
				DEFINES_MODULE = YES;
				DYLIB_COMPATIBILITY_VERSION = 1;
				DYLIB_CURRENT_VERSION = 1;
				DYLIB_INSTALL_NAME_BASE = "@rpath";
				FRAMEWORK_SEARCH_PATHS = "$(PROJECT_DIR)/../lib-ios";
				INFOPLIST_FILE = "OpenSSL-iOS/Info.plist";
				INSTALL_PATH = "$(LOCAL_LIBRARY_DIR)/Frameworks";
				IPHONEOS_DEPLOYMENT_TARGET = 10.0;
				LD_RUNPATH_SEARCH_PATHS = "$(inherited) @executable_path/Frameworks @loader_path/Frameworks";
				LIBRARY_SEARCH_PATHS = (
					"$(inherited)",
					"$(PROJECT_DIR)/../lib-ios",
				);
				OTHER_LDFLAGS = "-all_load";
				PRODUCT_BUNDLE_IDENTIFIER = "com.levigroker.OpenSSL-iOS";
				PRODUCT_NAME = "$(TARGET_NAME)";
				SKIP_INSTALL = NO;
				SUPPORTS_MACCATALYST = NO;
				TARGETED_DEVICE_FAMILY = "1,2";
			};
			name = Debug;
		};
		C71BFA0B1D395F47006DBF18 /* Release */ = {
			isa = XCBuildConfiguration;
			buildSettings = {
				APPLICATION_EXTENSION_API_ONLY = YES;
				ARCHS = "$(ARCHS_STANDARD)";
				BITCODE_GENERATION_MODE = bitcode;
				BUILD_LIBRARY_FOR_DISTRIBUTION = YES;
				"CODE_SIGN_IDENTITY[sdk=iphoneos*]" = "";
				DEFINES_MODULE = YES;
				DYLIB_COMPATIBILITY_VERSION = 1;
				DYLIB_CURRENT_VERSION = 1;
				DYLIB_INSTALL_NAME_BASE = "@rpath";
				FRAMEWORK_SEARCH_PATHS = "$(PROJECT_DIR)/../lib-ios";
				INFOPLIST_FILE = "OpenSSL-iOS/Info.plist";
				INSTALL_PATH = "$(LOCAL_LIBRARY_DIR)/Frameworks";
				IPHONEOS_DEPLOYMENT_TARGET = 10.0;
				LD_RUNPATH_SEARCH_PATHS = "$(inherited) @executable_path/Frameworks @loader_path/Frameworks";
				LIBRARY_SEARCH_PATHS = (
					"$(inherited)",
					"$(PROJECT_DIR)/../lib-ios",
				);
				OTHER_LDFLAGS = "-all_load";
				PRODUCT_BUNDLE_IDENTIFIER = "com.levigroker.OpenSSL-iOS";
				PRODUCT_NAME = "$(TARGET_NAME)";
				SKIP_INSTALL = NO;
				SUPPORTS_MACCATALYST = NO;
				TARGETED_DEVICE_FAMILY = "1,2";
			};
			name = Release;
		};
/* End XCBuildConfiguration section */

/* Begin XCConfigurationList section */
		C71BF9FB1D395F47006DBF18 /* Build configuration list for PBXProject "OpenSSL-iOS" */ = {
			isa = XCConfigurationList;
			buildConfigurations = (
				C71BFA071D395F47006DBF18 /* Debug */,
				C71BFA081D395F47006DBF18 /* Release */,
			);
			defaultConfigurationIsVisible = 0;
			defaultConfigurationName = Release;
		};
		C71BFA091D395F47006DBF18 /* Build configuration list for PBXNativeTarget "openssl" */ = {
			isa = XCConfigurationList;
			buildConfigurations = (
				C71BFA0A1D395F47006DBF18 /* Debug */,
				C71BFA0B1D395F47006DBF18 /* Release */,
			);
			defaultConfigurationIsVisible = 0;
			defaultConfigurationName = Release;
		};
/* End XCConfigurationList section */
	};
	rootObject = C71BF9F81D395F47006DBF18 /* Project object */;
}
